
Microsoft Visual Studio Solution File, Format Version 12.00
# Visual Studio Version 17
VisualStudioVersion = 17.4.33213.308
MinimumVisualStudioVersion = 10.0.40219.1
Project("{FAE04EC0-301F-11D3-BF4B-00C04F79EFBC}") = "WpfNotepadMvvm", "WpfNotepadMvvm\WpfNotepadMvvm.csproj", "{6129AF3E-B2CD-4D9A-AE4F-F94838DBE739}"
EndProject
Global
	GlobalSection(SolutionConfigurationPlatforms) = preSolution
		Debug|Any CPU = Debug|Any CPU
		Release|Any CPU = Release|Any CPU
	EndGlobalSection
	GlobalSection(ProjectConfigurationPlatforms) = postSolution
		{6129AF3E-B2CD-4D9A-AE4F-F94838DBE739}.Debug|Any CPU.ActiveCfg = Debug|Any CPU
		{6129AF3E-B2CD-4D9A-AE4F-F94838DBE739}.Debug|Any CPU.Build.0 = Debug|Any CPU
		{6129AF3E-B2CD-4D9A-AE4F-F94838DBE739}.Release|Any CPU.ActiveCfg = Release|Any CPU
		{6129AF3E-B2CD-4D9A-AE4F-F94838DBE739}.Release|Any CPU.Build.0 = Release|Any CPU
	EndGlobalSection
	GlobalSection(SolutionProperties) = preSolution
		HideSolutionNode = FALSE
	EndGlobalSection
	GlobalSection(ExtensibilityGlobals) = postSolution
		SolutionGuid = {1EA0AFFB-6AFA-4870-A1C5-2F6BF1C8BE94}
	EndGlobalSection
EndGlobal
